lockfileVersion: '6.0'

dependencies:
  modbus-serial:
    specifier: ^8.0.11
    version: 8.0.11

packages:

  /@serialport/binding-mock@10.2.2:
    resolution: {integrity: sha512-HAFzGhk9OuFMpuor7aT5G1ChPgn5qSsklTFOTUX72Rl6p0xwcSVsRtG/xaGp6bxpN7fI9D/S8THLBWbBgS6ldw==}
    engines: {node: '>=12.0.0'}
    dependencies:
      '@serialport/bindings-interface': 1.2.2
      debug: 4.3.4
    transitivePeerDependencies:
      - supports-color
    dev: false

  /@serialport/bindings-cpp@10.8.0:
    resolution: {integrity: sha512-OMQNJz5kJblbmZN5UgJXLwi2XNtVLxSKmq5VyWuXQVsUIJD4l9UGHnLPqM5LD9u3HPZgDI5w7iYN7gxkQNZJUw==}
    engines: {node: '>=12.17.0 <13.0 || >=14.0.0'}
    requiresBuild: true
    dependencies:
      '@serialport/bindings-interface': 1.2.2
      '@serialport/parser-readline': 10.5.0
      debug: 4.3.4
      node-addon-api: 5.1.0
      node-gyp-build: 4.6.0
    transitivePeerDependencies:
      - supports-color
    dev: false

  /@serialport/bindings-interface@1.2.2:
    resolution: {integrity: sha512-CJaUd5bLvtM9c5dmO9rPBHPXTa9R2UwpkJ0wdh9JCYcbrPWsKz+ErvR0hBLeo7NPeiFdjFO4sonRljiw4d2XiA==}
    engines: {node: ^12.22 || ^14.13 || >=16}
    dev: false

  /@serialport/parser-byte-length@10.5.0:
    resolution: {integrity: sha512-eHhr4lHKboq1OagyaXAqkemQ1XyoqbLQC8XJbvccm95o476TmEdW5d7AElwZV28kWprPW68ZXdGF2VXCkJgS2w==}
    engines: {node: '>=12.0.0'}
    dev: false

  /@serialport/parser-cctalk@10.5.0:
    resolution: {integrity: sha512-Iwsdr03xmCKAiibLSr7b3w6ZUTBNiS+PwbDQXdKU/clutXjuoex83XvsOtYVcNZmwJlVNhAUbkG+FJzWwIa4DA==}
    engines: {node: '>=12.0.0'}
    dev: false

  /@serialport/parser-delimiter@10.5.0:
    resolution: {integrity: sha512-/uR/yT3jmrcwnl2FJU/2ySvwgo5+XpksDUR4NF/nwTS5i3CcuKS+FKi/tLzy1k8F+rCx5JzpiK+koqPqOUWArA==}
    engines: {node: '>=12.0.0'}
    dev: false

  /@serialport/parser-inter-byte-timeout@10.5.0:
    resolution: {integrity: sha512-WPvVlSx98HmmUF9jjK6y9mMp3Wnv6JQA0cUxLeZBgS74TibOuYG3fuUxUWGJALgAXotOYMxfXSezJ/vSnQrkhQ==}
    engines: {node: '>=12.0.0'}
    dev: false

  /@serialport/parser-packet-length@10.5.0:
    resolution: {integrity: sha512-jkpC/8w4/gUBRa2Teyn7URv1D7T//0lGj27/4u9AojpDVXsR6dtdcTG7b7dNirXDlOrSLvvN7aS5/GNaRlEByw==}
    engines: {node: '>=8.6.0'}
    dev: false

  /@serialport/parser-readline@10.5.0:
    resolution: {integrity: sha512-0aXJknodcl94W9zSjvU+sLdXiyEG2rqjQmvBWZCr8wJZjWEtv3RgrnYiWq4i2OTOyC8C/oPK8ZjpBjQptRsoJQ==}
    engines: {node: '>=12.0.0'}
    dependencies:
      '@serialport/parser-delimiter': 10.5.0
    dev: false

  /@serialport/parser-ready@10.5.0:
    resolution: {integrity: sha512-QIf65LTvUoxqWWHBpgYOL+soldLIIyD1bwuWelukem2yDZVWwEjR288cLQ558BgYxH4U+jLAQahhqoyN1I7BaA==}
    engines: {node: '>=12.0.0'}
    dev: false

  /@serialport/parser-regex@10.5.0:
    resolution: {integrity: sha512-9jnr9+PCxRoLjtGs7uxwsFqvho+rxuJlW6ZWSB7oqfzshEZWXtTJgJRgac/RuLft4hRlrmRz5XU40i3uoL4HKw==}
    engines: {node: '>=12.0.0'}
    dev: false

  /@serialport/parser-slip-encoder@10.5.0:
    resolution: {integrity: sha512-wP8m+uXQdkWSa//3n+VvfjLthlabwd9NiG6kegf0fYweLWio8j4pJRL7t9eTh2Lbc7zdxuO0r8ducFzO0m8CQw==}
    engines: {node: '>=12.0.0'}
    dev: false

  /@serialport/parser-spacepacket@10.5.0:
    resolution: {integrity: sha512-BEZ/HAEMwOd8xfuJSeI/823IR/jtnThovh7ils90rXD4DPL1ZmrP4abAIEktwe42RobZjIPfA4PaVfyO0Fjfhg==}
    engines: {node: '>=12.0.0'}
    dev: false

  /@serialport/stream@10.5.0:
    resolution: {integrity: sha512-gbcUdvq9Kyv2HsnywS7QjnEB28g+6OGB5Z8TLP7X+UPpoMIWoUsoQIq5Kt0ZTgMoWn3JGM2lqwTsSHF+1qhniA==}
    engines: {node: '>=12.0.0'}
    dependencies:
      '@serialport/bindings-interface': 1.2.2
      debug: 4.3.4
    transitivePeerDependencies:
      - supports-color
    dev: false

  /debug@4.3.4:
    resolution: {integrity: sha512-PRWFHuSU3eDtQJPvnNY7Jcket1j0t5OuOsFzPPzsekD52Zl8qUfFIPEiswXqIvHWGVHOgX+7G/vCNNhehwxfkQ==}
    engines: {node: '>=6.0'}
    peerDependencies:
      supports-color: '*'
    peerDependenciesMeta:
      supports-color:
        optional: true
    dependencies:
      ms: 2.1.2
    dev: false

  /modbus-serial@8.0.11:
    resolution: {integrity: sha512-EwMdS3mrc3YBTLvgWRntPT0w5FWBNQlqTwsmSZHExvn490pOR/hIYV0T4rhicmqw7hs5mqFREYWVOb5wd2fKoA==}
    dependencies:
      debug: 4.3.4
      serialport: 10.5.0
    transitivePeerDependencies:
      - supports-color
    dev: false

  /ms@2.1.2:
    resolution: {integrity: sha512-sGkPx+VjMtmA6MX27oA4FBFELFCZZ4S4XqeGOXCv68tT+jb3vk/RyaKWP0PTKyWtmLSM0b+adUTEvbs1PEaH2w==}
    dev: false

  /node-addon-api@5.1.0:
    resolution: {integrity: sha512-eh0GgfEkpnoWDq+VY8OyvYhFEzBk6jIYbRKdIlyTiAXIVJ8PyBaKb0rp7oDtoddbdoHWhq8wwr+XZ81F1rpNdA==}
    dev: false

  /node-gyp-build@4.6.0:
    resolution: {integrity: sha512-NTZVKn9IylLwUzaKjkas1e4u2DLNcV4rdYagA4PWdPwW87Bi7z+BznyKSRwS/761tV/lzCGXplWsiaMjLqP2zQ==}
    hasBin: true
    dev: false

  /serialport@10.5.0:
    resolution: {integrity: sha512-7OYLDsu5i6bbv3lU81pGy076xe0JwpK6b49G6RjNvGibstUqQkI+I3/X491yBGtf4gaqUdOgoU1/5KZ/XxL4dw==}
    engines: {node: '>=12.0.0'}
    dependencies:
      '@serialport/binding-mock': 10.2.2
      '@serialport/bindings-cpp': 10.8.0
      '@serialport/parser-byte-length': 10.5.0
      '@serialport/parser-cctalk': 10.5.0
      '@serialport/parser-delimiter': 10.5.0
      '@serialport/parser-inter-byte-timeout': 10.5.0
      '@serialport/parser-packet-length': 10.5.0
      '@serialport/parser-readline': 10.5.0
      '@serialport/parser-ready': 10.5.0
      '@serialport/parser-regex': 10.5.0
      '@serialport/parser-slip-encoder': 10.5.0
      '@serialport/parser-spacepacket': 10.5.0
      '@serialport/stream': 10.5.0
      debug: 4.3.4
    transitivePeerDependencies:
      - supports-color
    dev: false
